<?xml version="1.0" encoding="utf-8"?>
<Project ToolsVersion="4.0" xmlns="http://schemas.microsoft.com/developer/msbuild/2003">
  <ItemGroup>
    <Filter Include="源文件">
      <UniqueIdentifier>{4FC737F1-C7A5-4376-A066-2A32D752A2FF}</UniqueIdentifier>
      <Extensions>cpp;c;cc;cxx;def;odl;idl;hpj;bat;asm;asmx</Extensions>
    </Filter>
    <Filter Include="头文件">
      <UniqueIdentifier>{93995380-89BD-4b04-88EB-625FBE52EBFB}</UniqueIdentifier>
      <Extensions>h;hh;hpp;hxx;hm;inl;inc;ipp;xsd</Extensions>
    </Filter>
    <Filter Include="资源文件">
      <UniqueIdentifier>{67DA6AB6-F800-4c08-8B7A-83BB121AAD01}</UniqueIdentifier>
      <Extensions>rc;ico;cur;bmp;dlg;rc2;rct;bin;rgs;gif;jpg;jpeg;jpe;resx;tiff;tif;png;wav;mfcribbon-ms</Extensions>
    </Filter>
    <Filter Include="源文件\card">
      <UniqueIdentifier>{6d5ff052-50c5-4246-99a1-0ceac0623534}</UniqueIdentifier>
    </Filter>
    <Filter Include="源文件\enum">
      <UniqueIdentifier>{4a843d07-2ef8-4a08-ab62-75ee4c249668}</UniqueIdentifier>
    </Filter>
    <Filter Include="资源文件\sound">
      <UniqueIdentifier>{8e74df58-1790-4c29-88c8-d54a8c141002}</UniqueIdentifier>
    </Filter>
    <Filter Include="资源文件\img">
      <UniqueIdentifier>{9a2d06aa-1ad1-40d2-ab6e-77bcfa45b7f8}</UniqueIdentifier>
    </Filter>
    <Filter Include="源文件\arena">
      <UniqueIdentifier>{366f9cd7-ff2d-4571-86d6-ac747132c216}</UniqueIdentifier>
    </Filter>
    <Filter Include="源文件\arena\round">
      <UniqueIdentifier>{732df494-aa17-4779-afff-a45a265fb162}</UniqueIdentifier>
    </Filter>
    <Filter Include="源文件\IOmachine">
      <UniqueIdentifier>{12c37748-4b18-491f-a4bc-fe68df81608a}</UniqueIdentifier>
    </Filter>
  </ItemGroup>
  <ItemGroup>
    <ClCompile Include="CCG.cpp">
      <Filter>源文件</Filter>
    </ClCompile>
    <ClCompile Include="card\curse.cpp">
      <Filter>源文件\card</Filter>
    </ClCompile>
    <ClCompile Include="card\magic.cpp">
      <Filter>源文件\card</Filter>
    </ClCompile>
    <ClCompile Include="gameround.cpp">
      <Filter>源文件\arena\round</Filter>
    </ClCompile>
    <ClCompile Include="card.cpp">
      <Filter>源文件\card</Filter>
    </ClCompile>
    <ClCompile Include="arena.cpp">
      <Filter>源文件\arena</Filter>
    </ClCompile>
    <ClCompile Include="charactor.cpp">
      <Filter>源文件\arena</Filter>
    </ClCompile>
    <ClCompile Include="cardStack.cpp">
      <Filter>源文件\card</Filter>
    </ClCompile>
    <ClCompile Include="profession.cpp">
      <Filter>源文件\arena</Filter>
    </ClCompile>
  </ItemGroup>
  <ItemGroup>
    <ClInclude Include="card\card.h">
      <Filter>源文件\card</Filter>
    </ClInclude>
    <ClInclude Include="enum\CCG_enum.h">
      <Filter>源文件\enum</Filter>
    </ClInclude>
    <ClInclude Include="creature.h">
      <Filter>源文件\card</Filter>
    </ClInclude>
    <ClInclude Include="gameround.h">
      <Filter>源文件\arena\round</Filter>
    </ClInclude>
    <ClInclude Include="arena.h">
      <Filter>源文件\arena</Filter>
    </ClInclude>
    <ClInclude Include="charactor.h">
      <Filter>源文件\arena</Filter>
    </ClInclude>
    <ClInclude Include="cardStack.h">
      <Filter>源文件\card</Filter>
    </ClInclude>
    <ClInclude Include="profession.h">
      <Filter>源文件\arena</Filter>
    </ClInclude>
  </ItemGroup>
  <ItemGroup>
    <Image Include="img\warm.png">
      <Filter>资源文件\img</Filter>
    </Image>
    <Image Include="img\fighter.jpg">
      <Filter>资源文件\img</Filter>
    </Image>
  </ItemGroup>
</Project>